
Microsoft Visual Studio Solution File, Format Version 12.00
# Visual Studio Version 16
VisualStudioVersion = 16.0.31613.86
MinimumVisualStudioVersion = 10.0.40219.1
Project("{9A19103F-16F7-4668-BE54-9A1E7A4F7556}") = "BarWebApp.Server", "Server\BarWebApp.Server.csproj", "{E1057763-66F7-434C-92DE-50964B055E20}"
EndProject
Project("{9A19103F-16F7-4668-BE54-9A1E7A4F7556}") = "BarWebApp.Client", "Client\BarWebApp.Client.csproj", "{0B513BAC-57E0-4642-AE08-D50658F08B4B}"
EndProject
Project("{9A19103F-16F7-4668-BE54-9A1E7A4F7556}") = "BarWebApp.Shared", "Shared\BarWebApp.Shared.csproj", "{6A55A122-C165-41BD-88C0-8F8AD57B4CDE}"
EndProject
Global
	GlobalSection(SolutionConfigurationPlatforms) = preSolution
		Debug|Any CPU = Debug|Any CPU
		Release|Any CPU = Release|Any CPU
	EndGlobalSection
	GlobalSection(ProjectConfigurationPlatforms) = postSolution
		{E1057763-66F7-434C-92DE-50964B055E20}.Debug|Any CPU.ActiveCfg = Debug|Any CPU
		{E1057763-66F7-434C-92DE-50964B055E20}.Debug|Any CPU.Build.0 = Debug|Any CPU
		{E1057763-66F7-434C-92DE-50964B055E20}.Release|Any CPU.ActiveCfg = Release|Any CPU
		{E1057763-66F7-434C-92DE-50964B055E20}.Release|Any CPU.Build.0 = Release|Any CPU
		{0B513BAC-57E0-4642-AE08-D50658F08B4B}.Debug|Any CPU.ActiveCfg = Debug|Any CPU
		{0B513BAC-57E0-4642-AE08-D50658F08B4B}.Debug|Any CPU.Build.0 = Debug|Any CPU
		{0B513BAC-57E0-4642-AE08-D50658F08B4B}.Release|Any CPU.ActiveCfg = Release|Any CPU
		{0B513BAC-57E0-4642-AE08-D50658F08B4B}.Release|Any CPU.Build.0 = Release|Any CPU
		{6A55A122-C165-41BD-88C0-8F8AD57B4CDE}.Debug|Any CPU.ActiveCfg = Debug|Any CPU
		{6A55A122-C165-41BD-88C0-8F8AD57B4CDE}.Debug|Any CPU.Build.0 = Debug|Any CPU
		{6A55A122-C165-41BD-88C0-8F8AD57B4CDE}.Release|Any CPU.ActiveCfg = Release|Any CPU
		{6A55A122-C165-41BD-88C0-8F8AD57B4CDE}.Release|Any CPU.Build.0 = Release|Any CPU
	EndGlobalSection
	GlobalSection(SolutionProperties) = preSolution
		HideSolutionNode = FALSE
	EndGlobalSection
	GlobalSection(ExtensibilityGlobals) = postSolution
		SolutionGuid = {811E87CE-FBC8-4298-BCBF-614CA591F57C}
	EndGlobalSection
EndGlobal
